{
    "_meta": {
        "hash": {
            "sha256": "2ab66592272fe409f9cc101ec95882611141e454d6e7f129078d0698e1be012a"
        },
        "pipfile-spec": 6,
        "requires": {
            "python_version": "3.10"
        },
        "sources": [
            {
                "name": "pypi",
                "url": "https://pypi.org/simple",
                "verify_ssl": true
            }
        ]
    },
    "default": {
        "bcrypt": {
            "hashes": [
                "sha256:5b93c1726e50a93a033c36e5ca7fdcd29a5c7395af50a6892f5d9e7c6cfbfb29",
                "sha256:63d4e3ff96188e5898779b6057878fecf3f11cfe6ec3b313ea09955d587ec7a7",
                "sha256:81fec756feff5b6818ea7ab031205e1d323d8943d237303baca2c5f9c7846f34",
                "sha256:a67fb841b35c28a59cebed05fbd3e80eea26e6d75851f0574a9273c80f3e9b55",
                "sha256:c95d4cbebffafcdd28bd28bb4e25b31c50f6da605c81ffd9ad8a3d1b2ab7b1b6",
                "sha256:cd1ea2ff3038509ea95f687256c46b79f5fc382ad0aa3664d200047546d511d1",
                "sha256:cdcdcb3972027f83fe24a48b1e90ea4b584d35f1cc279d76de6fc4b13376239d"
            ],
            "markers": "python_version >= '3.6'",
            "version": "==3.2.0"
        },
        "certifi": {
            "hashes": [
                "sha256:78884e7c1d4b00ce3cea67b44566851c4343c120abd683433ce934a68ea58872",
                "sha256:d62a0163eb4c2344ac042ab2bdf75399a71a2d8c7d47eac2e2ee91b9d6339569"
            ],
            "version": "==2021.10.8"
        },
        "cffi": {
            "hashes": [
                "sha256:00c878c90cb53ccfaae6b8bc18ad05d2036553e6d9d1d9dbcf323bbe83854ca3",
                "sha256:0104fb5ae2391d46a4cb082abdd5c69ea4eab79d8d44eaaf79f1b1fd806ee4c2",
                "sha256:06c48159c1abed75c2e721b1715c379fa3200c7784271b3c46df01383b593636",
                "sha256:0808014eb713677ec1292301ea4c81ad277b6cdf2fdd90fd540af98c0b101d20",
                "sha256:10dffb601ccfb65262a27233ac273d552ddc4d8ae1bf93b21c94b8511bffe728",
                "sha256:14cd121ea63ecdae71efa69c15c5543a4b5fbcd0bbe2aad864baca0063cecf27",
                "sha256:17771976e82e9f94976180f76468546834d22a7cc404b17c22df2a2c81db0c66",
                "sha256:181dee03b1170ff1969489acf1c26533710231c58f95534e3edac87fff06c443",
                "sha256:23cfe892bd5dd8941608f93348c0737e369e51c100d03718f108bf1add7bd6d0",
                "sha256:263cc3d821c4ab2213cbe8cd8b355a7f72a8324577dc865ef98487c1aeee2bc7",
                "sha256:2756c88cbb94231c7a147402476be2c4df2f6078099a6f4a480d239a8817ae39",
                "sha256:27c219baf94952ae9d50ec19651a687b826792055353d07648a5695413e0c605",
                "sha256:2a23af14f408d53d5e6cd4e3d9a24ff9e05906ad574822a10563efcef137979a",
                "sha256:31fb708d9d7c3f49a60f04cf5b119aeefe5644daba1cd2a0fe389b674fd1de37",
                "sha256:3415c89f9204ee60cd09b235810be700e993e343a408693e80ce7f6a40108029",
                "sha256:3773c4d81e6e818df2efbc7dd77325ca0dcb688116050fb2b3011218eda36139",
                "sha256:3b96a311ac60a3f6be21d2572e46ce67f09abcf4d09344c49274eb9e0bf345fc",
                "sha256:3f7d084648d77af029acb79a0ff49a0ad7e9d09057a9bf46596dac9514dc07df",
                "sha256:41d45de54cd277a7878919867c0f08b0cf817605e4eb94093e7516505d3c8d14",
                "sha256:4238e6dab5d6a8ba812de994bbb0a79bddbdf80994e4ce802b6f6f3142fcc880",
                "sha256:45db3a33139e9c8f7c09234b5784a5e33d31fd6907800b316decad50af323ff2",
                "sha256:45e8636704eacc432a206ac7345a5d3d2c62d95a507ec70d62f23cd91770482a",
                "sha256:4958391dbd6249d7ad855b9ca88fae690783a6be9e86df65865058ed81fc860e",
                "sha256:4a306fa632e8f0928956a41fa8e1d6243c71e7eb59ffbd165fc0b41e316b2474",
                "sha256:57e9ac9ccc3101fac9d6014fba037473e4358ef4e89f8e181f8951a2c0162024",
                "sha256:59888172256cac5629e60e72e86598027aca6bf01fa2465bdb676d37636573e8",
                "sha256:5e069f72d497312b24fcc02073d70cb989045d1c91cbd53979366077959933e0",
                "sha256:64d4ec9f448dfe041705426000cc13e34e6e5bb13736e9fd62e34a0b0c41566e",
                "sha256:6dc2737a3674b3e344847c8686cf29e500584ccad76204efea14f451d4cc669a",
                "sha256:74fdfdbfdc48d3f47148976f49fab3251e550a8720bebc99bf1483f5bfb5db3e",
                "sha256:75e4024375654472cc27e91cbe9eaa08567f7fbdf822638be2814ce059f58032",
                "sha256:786902fb9ba7433aae840e0ed609f45c7bcd4e225ebb9c753aa39725bb3e6ad6",
                "sha256:8b6c2ea03845c9f501ed1313e78de148cd3f6cad741a75d43a29b43da27f2e1e",
                "sha256:91d77d2a782be4274da750752bb1650a97bfd8f291022b379bb8e01c66b4e96b",
                "sha256:91ec59c33514b7c7559a6acda53bbfe1b283949c34fe7440bcf917f96ac0723e",
                "sha256:920f0d66a896c2d99f0adbb391f990a84091179542c205fa53ce5787aff87954",
                "sha256:a5263e363c27b653a90078143adb3d076c1a748ec9ecc78ea2fb916f9b861962",
                "sha256:abb9a20a72ac4e0fdb50dae135ba5e77880518e742077ced47eb1499e29a443c",
                "sha256:c2051981a968d7de9dd2d7b87bcb9c939c74a34626a6e2f8181455dd49ed69e4",
                "sha256:c21c9e3896c23007803a875460fb786118f0cdd4434359577ea25eb556e34c55",
                "sha256:c2502a1a03b6312837279c8c1bd3ebedf6c12c4228ddbad40912d671ccc8a962",
                "sha256:d4d692a89c5cf08a8557fdeb329b82e7bf609aadfaed6c0d79f5a449a3c7c023",
                "sha256:da5db4e883f1ce37f55c667e5c0de439df76ac4cb55964655906306918e7363c",
                "sha256:e7022a66d9b55e93e1a845d8c9eba2a1bebd4966cd8bfc25d9cd07d515b33fa6",
                "sha256:ef1f279350da2c586a69d32fc8733092fd32cc8ac95139a00377841f59a3f8d8",
                "sha256:f54a64f8b0c8ff0b64d18aa76675262e1700f3995182267998c31ae974fbc382",
                "sha256:f5c7150ad32ba43a07c4479f40241756145a1f03b43480e058cfd862bf5041c7",
                "sha256:f6f824dc3bce0edab5f427efcfb1d63ee75b6fcb7282900ccaf925be84efb0fc",
                "sha256:fd8a250edc26254fe5b33be00402e6d287f562b6a5b2152dec302fa15bb3e997",
                "sha256:ffaa5c925128e29efbde7301d8ecaf35c8c60ffbcd6a1ffd3a552177c8e5e796"
            ],
            "version": "==1.15.0"
        },
        "charset-normalizer": {
            "hashes": [
                "sha256:1eecaa09422db5be9e29d7fc65664e6c33bd06f9ced7838578ba40d58bdf3721",
                "sha256:b0b883e8e874edfdece9c28f314e3dd5badf067342e42fb162203335ae61aa2c"
            ],
            "markers": "python_version >= '3'",
            "version": "==2.0.9"
        },
        "cryptography": {
            "hashes": [
                "sha256:0a817b961b46894c5ca8a66b599c745b9a3d9f822725221f0e0fe49dc043a3a3",
                "sha256:2d87cdcb378d3cfed944dac30596da1968f88fb96d7fc34fdae30a99054b2e31",
                "sha256:30ee1eb3ebe1644d1c3f183d115a8c04e4e603ed6ce8e394ed39eea4a98469ac",
                "sha256:391432971a66cfaf94b21c24ab465a4cc3e8bf4a939c1ca5c3e3a6e0abebdbcf",
                "sha256:39bdf8e70eee6b1c7b289ec6e5d84d49a6bfa11f8b8646b5b3dfe41219153316",
                "sha256:4caa4b893d8fad33cf1964d3e51842cd78ba87401ab1d2e44556826df849a8ca",
                "sha256:53e5c1dc3d7a953de055d77bef2ff607ceef7a2aac0353b5d630ab67f7423638",
                "sha256:596f3cd67e1b950bc372c33f1a28a0692080625592ea6392987dba7f09f17a94",
                "sha256:5d59a9d55027a8b88fd9fd2826c4392bd487d74bf628bb9d39beecc62a644c12",
                "sha256:6c0c021f35b421ebf5976abf2daacc47e235f8b6082d3396a2fe3ccd537ab173",
                "sha256:73bc2d3f2444bcfeac67dd130ff2ea598ea5f20b40e36d19821b4df8c9c5037b",
                "sha256:74d6c7e80609c0f4c2434b97b80c7f8fdfaa072ca4baab7e239a15d6d70ed73a",
                "sha256:7be0eec337359c155df191d6ae00a5e8bbb63933883f4f5dffc439dac5348c3f",
                "sha256:94ae132f0e40fe48f310bba63f477f14a43116f05ddb69d6fa31e93f05848ae2",
                "sha256:bb5829d027ff82aa872d76158919045a7c1e91fbf241aec32cb07956e9ebd3c9",
                "sha256:ca238ceb7ba0bdf6ce88c1b74a87bffcee5afbfa1e41e173b1ceb095b39add46",
                "sha256:ca28641954f767f9822c24e927ad894d45d5a1e501767599647259cbf030b903",
                "sha256:e0344c14c9cb89e76eb6a060e67980c9e35b3f36691e15e1b7a9e58a0a6c6dc3",
                "sha256:ebc15b1c22e55c4d5566e3ca4db8689470a0ca2babef8e3a9ee057a8b82ce4b1",
                "sha256:ec63da4e7e4a5f924b90af42eddf20b698a70e58d86a72d943857c4c6045b3ee"
            ],
            "markers": "python_version >= '3.6'",
            "version": "==36.0.1"
        },
        "decorator": {
            "hashes": [
                "sha256:7b12e7c3c6ab203a29e157335e9122cb03de9ab7264b137594103fd4a683b374",
                "sha256:e59913af105b9860aa2c8d3272d9de5a56a4e608db9a2f167a8480b323d529a7"
            ],
            "markers": "python_version >= '3.5'",
            "version": "==5.1.0"
        },
        "docopt": {
            "hashes": [
                "sha256:49b3a825280bd66b3aa83585ef59c4a8c82f2c8a522dbe754a8bc8d08c85c491"
            ],
            "version": "==0.6.2"
        },
        "elasticsearch": {
            "hashes": [
                "sha256:97e9d62db71a571c540d6dfa2a51bc2263b5c0d7b9f9896eb7116ba02373c69b",
                "sha256:c024ee2e7e2509c842c4e3c5e2b99a92ceecfde06d6dac2d32a19bf566c3e175"
            ],
            "index": "pypi",
            "version": "==7.16.1"
        },
        "gssapi": {
            "hashes": [
                "sha256:0b02bbdd850c079b1d453546579fc283f0646f56ff4b39cd3b0e27263a6af97e",
                "sha256:145bee55bff2461d2704b958bb6f45f6abf11442efe0f2e7a612f0ab049613f2",
                "sha256:14bde0adcb6fd435021292899f8111396e54c039b47f107e97c40608ee451b84",
                "sha256:20b5365557684856c9b20160b26eaba664afd92a7c098b4bc0c0b2aaf7e5a31c",
                "sha256:2b4b979c075062654a64aeb6faf579f3070d6e52a9c94b10e77eaea0ef88795d",
                "sha256:33aa276927a82ec630bf580fdd187399062568e699901c33ff8191d3ae9daa4f",
                "sha256:3d07a74a57cf0df22d0db9452cf500d487736e91cbd21aefffefa3d53e8d8ca2",
                "sha256:5231e3d5d299cefe535a854b7e8d4700775704e75fa33fc3aba1cf83a3e2e7a0",
                "sha256:65b2820fd547398c55c69ab6884245b268ea56702f6411149a3be6e520e3efd5",
                "sha256:69983699e9ef39fb7f84b02039d739362fb39959285bb5fdd0efcc19943aa5b3",
                "sha256:6ad1df7dd638485402c5b9afef5b7355d855266a09e2f7d55e5f0c8ee0f6a2e7",
                "sha256:7123301f368f4198c46c62ee791878e7174fe7eed05c5d602708e0c5ec6774db",
                "sha256:748efbcf7cfb31183cd75e5314493e79fe3521b3ec00d090a77e23f7c75fa59d",
                "sha256:a01dbcd17760cdd77701006105e00a1bd213bd6e189b6602242f175ab488afee",
                "sha256:b199f59450c4cdc85d7d4f0f35f2b7b7420e536309d0370a5ea0734d56d06e38",
                "sha256:b2b57d01debcaa79b91a9c7e40ccc200cbcae9afe48f15cc54901ddf733b4d91",
                "sha256:c02a563d7e8b4005ccfc1f6080eaf0805c052876397ea9fb03b7ee725bbbbccc",
                "sha256:fcde5311a574c2ac314dddaf9608310bd7a4eae3b361ab6374c552428534b51b",
                "sha256:fe5e95c88fd737117374223683e319b0d80024f7d176822f14a12be0663cc3d7"
            ],
            "markers": "python_version >= '3.6'",
            "version": "==1.7.2"
        },
        "hdfs": {
            "extras": [
                "kerberos"
            ],
            "hashes": [
                "sha256:05912125cfc68075387f271654dac185dc1aba8b347519f6a14d1395e39d7749",
                "sha256:bc92ce4347f106d48b541f756caa930476998cfd3eed477ffbd63ae9ad1cdc22"
            ],
            "index": "pypi",
            "version": "==2.6.0"
        },
        "idna": {
            "hashes": [
                "sha256:84d9dd047ffa80596e0f246e2eab0b391788b0503584e8945f2368256d2735ff",
                "sha256:9d643ff0a55b762d5cdb124b8eaa99c66322e2157b69160bc32796e824360e6d"
            ],
            "markers": "python_version >= '3'",
            "version": "==3.3"
        },
        "krb5": {
            "hashes": [
                "sha256:0930bcc03dff6f87342f15214dfd971e3af3e1c7013e2b26858b9064cd869491",
                "sha256:21e40bd3f05db9d66aaa0e23556889f47cdb9ee5f32a48bd4103ba5c1b9f5db2",
                "sha256:61a9c8aa2d71c12a26fd4110967e6a31002627ef20fc8199406281f8c833f196",
                "sha256:67df5e0f974ea97d4bfb4ef8f8cc4a2172894b6cdba01f3315f33abcfb2cc41b",
                "sha256:6aadccabfd7bd2bfcd02afba67586fb34f09dc761adb706e313d2a1c4f17e7c0",
                "sha256:7873197ac130607000c70d5b6c6b2232c69c76d6b88142d7417dfb5bde2269d1",
                "sha256:86d0ae09c4239cbe14a7da5ac46020eee3a9f9d9f54f11fc126f2e9a19bb3584",
                "sha256:a4e97e118d57ebae10cfaff11ece2b9f453c9c0406db9e18b9966c126014aad5",
                "sha256:c99f9d78fa23b6ece55697be201fdffeb932d14a8302c1d4af0bd48553675d2e"
            ],
            "version": "==0.2.0"
        },
        "krbcontext": {
            "hashes": [
                "sha256:f7f1bdc33a86f18f3d119a631eb250d1389378fdaea1a983eef8ef0996d64ab8"
            ],
            "index": "pypi",
            "version": "==0.10"
        },
        "numpy": {
            "hashes": [
                "sha256:00c9fa73a6989895b8815d98300a20ac993c49ac36c8277e8ffeaa3631c0dbbb",
                "sha256:025b497014bc33fc23897859350f284323f32a2fff7654697f5a5fc2a19e9939",
                "sha256:08de8472d9f7571f9d51b27b75e827f5296295fa78817032e84464be8bb905bc",
                "sha256:1964db2d4a00348b7a60ee9d013c8cb0c566644a589eaa80995126eac3b99ced",
                "sha256:2a9add27d7fc0fdb572abc3b2486eb3b1395da71e0254c5552b2aad2a18b5441",
                "sha256:2d8adfca843bc46ac199a4645233f13abf2011a0b2f4affc5c37cd552626f27b",
                "sha256:301e408a052fdcda5cdcf03021ebafc3c6ea093021bf9d1aa47c54d48bdad166",
                "sha256:311283acf880cfcc20369201bd75da907909afc4666966c7895cbed6f9d2c640",
                "sha256:341dddcfe3b7b6427a28a27baa59af5ad51baa59bfec3264f1ab287aa3b30b13",
                "sha256:3a5098df115340fb17fc93867317a947e1dcd978c3888c5ddb118366095851f8",
                "sha256:3c978544be9e04ed12016dd295a74283773149b48f507d69b36f91aa90a643e5",
                "sha256:3d893b0871322eaa2f8c7072cdb552d8e2b27645b7875a70833c31e9274d4611",
                "sha256:4fe6a006557b87b352c04596a6e3f12a57d6e5f401d804947bd3188e6b0e0e76",
                "sha256:507c05c7a37b3683eb08a3ff993bd1ee1e6c752f77c2f275260533b265ecdb6c",
                "sha256:58ca1d7c8aef6e996112d0ce873ac9dfa1eaf4a1196b4ff7ff73880a09923ba7",
                "sha256:61bada43d494515d5b122f4532af226fdb5ee08fe5b5918b111279843dc6836a",
                "sha256:69a5a8d71c308d7ef33ef72371c2388a90e3495dbb7993430e674006f94797d5",
                "sha256:6a5928bc6241264dce5ed509e66f33676fc97f464e7a919edc672fb5532221ee",
                "sha256:7b9d6b14fc9a4864b08d1ba57d732b248f0e482c7b2ff55c313137e3ed4d8449",
                "sha256:a7c4b701ca418cd39e28ec3b496e6388fe06de83f5f0cb74794fa31cfa384c02",
                "sha256:a7e8f6216f180f3fd4efb73de5d1eaefb5f5a1ee5b645c67333033e39440e63a",
                "sha256:b545ebadaa2b878c8630e5bcdb97fc4096e779f335fc0f943547c1c91540c815",
                "sha256:c293d3c0321996cd8ffe84215ffe5d269fd9d1d12c6f4ffe2b597a7c30d3e593",
                "sha256:c5562bcc1a9b61960fc8950ade44d00e3de28f891af0acc96307c73613d18f6e",
                "sha256:ca9c23848292c6fe0a19d212790e62f398fd9609aaa838859be8459bfbe558aa",
                "sha256:cc1b30205d138d1005adb52087ff45708febbef0e420386f58664f984ef56954",
                "sha256:dbce7adeb66b895c6aaa1fad796aaefc299ced597f6fbd9ceddb0dd735245354",
                "sha256:dc4b2fb01f1b4ddbe2453468ea0719f4dbb1f5caa712c8b21bb3dd1480cd30d9",
                "sha256:eed2afaa97ec33b4411995be12f8bdb95c87984eaa28d76cf628970c8a2d689a",
                "sha256:fc7a7d7b0ed72589fd8b8486b9b42a564f10b8762be8bd4d9df94b807af4a089"
            ],
            "markers": "python_version >= '3.10'",
            "version": "==1.21.5"
        },
        "pandas": {
            "hashes": [
                "sha256:1e4285f5de1012de20ca46b188ccf33521bff61ba5c5ebd78b4fb28e5416a9f1",
                "sha256:2651d75b9a167cc8cc572cf787ab512d16e316ae00ba81874b560586fa1325e0",
                "sha256:2c21778a688d3712d35710501f8001cdbf96eb70a7c587a3d5613573299fdca6",
                "sha256:32e1a26d5ade11b547721a72f9bfc4bd113396947606e00d5b4a5b79b3dcb006",
                "sha256:3345343206546545bc26a05b4602b6a24385b5ec7c75cb6059599e3d56831da2",
                "sha256:344295811e67f8200de2390093aeb3c8309f5648951b684d8db7eee7d1c81fb7",
                "sha256:37f06b59e5bc05711a518aa10beaec10942188dccb48918bb5ae602ccbc9f1a0",
                "sha256:552020bf83b7f9033b57cbae65589c01e7ef1544416122da0c79140c93288f56",
                "sha256:5cce0c6bbeb266b0e39e35176ee615ce3585233092f685b6a82362523e59e5b4",
                "sha256:5f261553a1e9c65b7a310302b9dbac31cf0049a51695c14ebe04e4bfd4a96f02",
                "sha256:60a8c055d58873ad81cae290d974d13dd479b82cbb975c3e1fa2cf1920715296",
                "sha256:62d5b5ce965bae78f12c1c0df0d387899dd4211ec0bdc52822373f13a3a022b9",
                "sha256:7d28a3c65463fd0d0ba8bbb7696b23073efee0510783340a44b08f5e96ffce0c",
                "sha256:8025750767e138320b15ca16d70d5cdc1886e8f9cc56652d89735c016cd8aea6",
                "sha256:8b6dbec5f3e6d5dc80dcfee250e0a2a652b3f28663492f7dab9a24416a48ac39",
                "sha256:a395692046fd8ce1edb4c6295c35184ae0c2bbe787ecbe384251da609e27edcb",
                "sha256:a62949c626dd0ef7de11de34b44c6475db76995c2064e2d99c6498c3dba7fe58",
                "sha256:aaf183a615ad790801fa3cf2fa450e5b6d23a54684fe386f7e3208f8b9bfbef6",
                "sha256:adfeb11be2d54f275142c8ba9bf67acee771b7186a5745249c7d5a06c670136b",
                "sha256:b6b87b2fb39e6383ca28e2829cddef1d9fc9e27e55ad91ca9c435572cdba51bf",
                "sha256:bd971a3f08b745a75a86c00b97f3007c2ea175951286cdda6abe543e687e5f2f",
                "sha256:c69406a2808ba6cf580c2255bcf260b3f214d2664a3a4197d0e640f573b46fd3",
                "sha256:d3bc49af96cd6285030a64779de5b3688633a07eb75c124b0747134a63f4c05f",
                "sha256:fd541ab09e1f80a2a1760032d665f6e032d8e44055d602d65eeea6e6e85498cb",
                "sha256:fe95bae4e2d579812865db2212bb733144e34d0c6785c0685329e5b60fcb85dd"
            ],
            "index": "pypi",
            "version": "==1.3.5"
        },
        "paramiko": {
            "hashes": [
                "sha256:7b5910f5815a00405af55da7abcc8a9e0d9657f57fcdd9a89894fdbba1c6b8a8",
                "sha256:85b1245054e5d7592b9088cc6d08da22445417912d3a3e48138675c7a8616438"
            ],
            "index": "pypi",
            "version": "==2.8.1"
        },
        "pycparser": {
            "hashes": [
                "sha256:8ee45429555515e1f6b185e78100aea234072576aa43ab53aefcae078162fca9",
                "sha256:e644fdec12f7872f86c58ff790da456218b10f863970249516d60a5eaca77206"
            ],
            "version": "==2.21"
        },
        "pynacl": {
            "hashes": [
                "sha256:06cbb4d9b2c4bd3c8dc0d267416aaed79906e7b33f114ddbf0911969794b1cc4",
                "sha256:11335f09060af52c97137d4ac54285bcb7df0cef29014a1a4efe64ac065434c4",
                "sha256:2fe0fc5a2480361dcaf4e6e7cea00e078fcda07ba45f811b167e3f99e8cff574",
                "sha256:30f9b96db44e09b3304f9ea95079b1b7316b2b4f3744fe3aaecccd95d547063d",
                "sha256:4e10569f8cbed81cb7526ae137049759d2a8d57726d52c1a000a3ce366779634",
                "sha256:511d269ee845037b95c9781aa702f90ccc36036f95d0f31373a6a79bd8242e25",
                "sha256:537a7ccbea22905a0ab36ea58577b39d1fa9b1884869d173b5cf111f006f689f",
                "sha256:54e9a2c849c742006516ad56a88f5c74bf2ce92c9f67435187c3c5953b346505",
                "sha256:757250ddb3bff1eecd7e41e65f7f833a8405fede0194319f87899690624f2122",
                "sha256:7757ae33dae81c300487591c68790dfb5145c7d03324000433d9a2c141f82af7",
                "sha256:7c6092102219f59ff29788860ccb021e80fffd953920c4a8653889c029b2d420",
                "sha256:8122ba5f2a2169ca5da936b2e5a511740ffb73979381b4229d9188f6dcb22f1f",
                "sha256:9c4a7ea4fb81536c1b1f5cc44d54a296f96ae78c1ebd2311bd0b60be45a48d96",
                "sha256:c914f78da4953b33d4685e3cdc7ce63401247a21425c16a39760e282075ac4a6",
                "sha256:cd401ccbc2a249a47a3a1724c2918fcd04be1f7b54eb2a5a71ff915db0ac51c6",
                "sha256:d452a6746f0a7e11121e64625109bc4468fc3100452817001dbe018bb8b08514",
                "sha256:ea6841bc3a76fa4942ce00f3bda7d436fda21e2d91602b9e21b7ca9ecab8f3ff",
                "sha256:f8851ab9041756003119368c1e6cd0b9c631f46d686b3904b18c0139f4419f80"
            ],
            "markers": "python_version >= '2.7' and python_version not in '3.0, 3.1, 3.2, 3.3'",
            "version": "==1.4.0"
        },
        "pyspnego": {
            "extras": [
                "kerberos"
            ],
            "hashes": [
                "sha256:19da2de9d55d73d05b2798d4e5bd7ee5980e573ae50dc2f2bc460df5eaffe5ea",
                "sha256:27dd07b6b918c289d2820c685b346a198498354cf3a1bfe9ec19cff9fa8fce2f",
                "sha256:37c4d80a0c90bd2b670c583b2efbd210c26f54b1f7661c0cbc684a954b88c1c3",
                "sha256:6387b4631120205240d1be25aff7a78d41db9b99bb5803b3ac6b7b6ed80b8920",
                "sha256:6df4b5233ec28358992adadfef5be76807ca1424e7c0fbf430424759edc85f8b",
                "sha256:75a0d4be4236f6b7c2ded0b43fd03e942c48cdbe91c2856f45f22884b7e92ddc",
                "sha256:9235a3159a4e1648d6bb4d170b8d68ecf5b1f55fa2f3157335ce74df5c192468",
                "sha256:a0d41d43657cd4d4456ca734ec00b6e24c95a144499cfc429371a310c4b10d7a",
                "sha256:b02c9b61f85c96f969c78f492b35915a590dddabf987687eb1256ef2fd8fbdcb",
                "sha256:ccb8d9cea310f1715d5ed3d2d092db9bf50ff2762cf94a0dd9dfab7774a727fe",
                "sha256:e15d16b205fbc5e945244b974312e9796467913f69736fdad262edee0c3c105f",
                "sha256:f4a00cc3796d34212b391caecb3fd636cdefea798cb4ac231f893bdade674f01"
            ],
            "markers": "python_version >= '3.6'",
            "version": "==0.3.1"
        },
        "python-dateutil": {
            "hashes": [
                "sha256:0123cacc1627ae19ddf3c27a5de5bd67ee4586fbdd6440d9748f8abb483d3e86",
                "sha256:961d03dc3453ebbc59dbdea9e4e11c5651520a876d0f4db161e8674aae935da9"
            ],
            "markers": "python_version >= '2.7' and python_version not in '3.0, 3.1, 3.2, 3.3'",
            "version": "==2.8.2"
        },
        "pytz": {
            "hashes": [
                "sha256:3672058bc3453457b622aab7a1c3bfd5ab0bdae451512f6cf25f64ed37f5b87c",
                "sha256:acad2d8b20a1af07d4e4c9d2e9285c5ed9104354062f275f3fcd88dcef4f1326"
            ],
            "version": "==2021.3"
        },
        "requests": {
            "hashes": [
                "sha256:6c1246513ecd5ecd4528a0906f910e8f0f9c6b8ec72030dc9fd154dc1a6efd24",
                "sha256:b8aa58f8cf793ffd8782d3d8cb19e66ef36f7aba4353eec859e74678b01b07a7"
            ],
            "markers": "python_version >= '2.7' and python_version not in '3.0, 3.1, 3.2, 3.3, 3.4, 3.5'",
            "version": "==2.26.0"
        },
        "requests-kerberos": {
            "hashes": [
                "sha256:cda9d1240ae5392e081869881c8742d0e171fd6a893a7ac0875db2748e966fd1",
                "sha256:da74ea478ccd8584de88092bdcd17a7c29d494374a340d1d8677189903c9ac6a"
            ],
            "version": "==0.14.0"
        },
        "six": {
            "hashes": [
                "sha256:1e61c37477a1626458e36f7b1d82aa5c9b094fa4802892072e49de9c60c4c926",
                "sha256:8abb2f1d86890a2dfb989f9a77cfcfd3e47c2a354b01111771326f8aa26e0254"
            ],
            "markers": "python_version >= '2.7' and python_version not in '3.0, 3.1, 3.2, 3.3'",
            "version": "==1.16.0"
        },
        "urllib3": {
            "hashes": [
                "sha256:4987c65554f7a2dbf30c18fd48778ef124af6fab771a377103da0585e2336ece",
                "sha256:c4fdf4019605b6e5423637e01bc9fe4daef873709a7973e195ceba0a62bbc844"
            ],
            "markers": "python_version >= '2.7' and python_version not in '3.0, 3.1, 3.2, 3.3, 3.4' and python_version < '4'",
            "version": "==1.26.7"
        }
    },
    "develop": {
        "yapf": {
            "hashes": [
                "sha256:408fb9a2b254c302f49db83c59f9aa0b4b0fd0ec25be3a5c51181327922ff63d",
                "sha256:e3a234ba8455fe201eaa649cdac872d590089a18b661e39bbac7020978dd9c2e"
            ],
            "index": "pypi",
            "version": "==0.31.0"
        }
    }
}
